// !$*UTF8*$!
{
	archiveVersion = 1;
	classes = {
	};
	objectVersion = 52;
	objects = {

/* Begin PBXBuildFile section */
		7C044C6E24D7803F0054654F /* ClassicFilms.sqlite in Resources */ = {isa = PBXBuildFile; fileRef = 7C044C6D24D7803F0054654F /* ClassicFilms.sqlite */; };
		7C044C6F24D7803F0054654F /* ClassicFilms.sqlite in Resources */ = {isa = PBXBuildFile; fileRef = 7C044C6D24D7803F0054654F /* ClassicFilms.sqlite */; };
		7C044C9F24D781E30054654F /* Silver_ScreenApp.swift in Sources */ = {isa = PBXBuildFile; fileRef = 7CF8064B24CC8E2F00503C38 /* Silver_ScreenApp.swift */; };
		7C044CA424D782000054654F /* GRDB in Frameworks */ = {isa = PBXBuildFile; productRef = 7C044CA324D782000054654F /* GRDB */; };
		7C044CA524D782070054654F /* ClassicFilms.sqlite in Resources */ = {isa = PBXBuildFile; fileRef = 7C044C6D24D7803F0054654F /* ClassicFilms.sqlite */; };
		7C044CA624D782070054654F /* Assets.xcassets in Resources */ = {isa = PBXBuildFile; fileRef = 7CF8064D24CC8E3100503C38 /* Assets.xcassets */; };
		7C3690D52539FE640067EF83 /* MovieDetails.swift in Sources */ = {isa = PBXBuildFile; fileRef = 7C3690D32539FE640067EF83 /* MovieDetails.swift */; };
		7C3690DE253A0F710067EF83 /* MoviePlayer.swift in Sources */ = {isa = PBXBuildFile; fileRef = 7C3690DD253A0F710067EF83 /* MoviePlayer.swift */; };
		7C3690DF253A0F710067EF83 /* MoviePlayer.swift in Sources */ = {isa = PBXBuildFile; fileRef = 7C3690DD253A0F710067EF83 /* MoviePlayer.swift */; };
		7C3690E0253A0F710067EF83 /* MoviePlayer.swift in Sources */ = {isa = PBXBuildFile; fileRef = 7C3690DD253A0F710067EF83 /* MoviePlayer.swift */; };
		7C3690E8253A100B0067EF83 /* AboutPage.swift in Sources */ = {isa = PBXBuildFile; fileRef = 7C3690E7253A100B0067EF83 /* AboutPage.swift */; };
		7C3690E9253A100B0067EF83 /* AboutPage.swift in Sources */ = {isa = PBXBuildFile; fileRef = 7C3690E7253A100B0067EF83 /* AboutPage.swift */; };
		7C3690EA253A100B0067EF83 /* AboutPage.swift in Sources */ = {isa = PBXBuildFile; fileRef = 7C3690E7253A100B0067EF83 /* AboutPage.swift */; };
		7C3690F3253B97FE0067EF83 /* MovieList.swift in Sources */ = {isa = PBXBuildFile; fileRef = 7C3690F1253B97FD0067EF83 /* MovieList.swift */; };
		7C3690F4253B97FE0067EF83 /* MovieList.swift in Sources */ = {isa = PBXBuildFile; fileRef = 7C3690F1253B97FD0067EF83 /* MovieList.swift */; };
		7C3690FC253B98530067EF83 /* MovieItem.swift in Sources */ = {isa = PBXBuildFile; fileRef = 7C3690FB253B98530067EF83 /* MovieItem.swift */; };
		7C3690FD253B98530067EF83 /* MovieItem.swift in Sources */ = {isa = PBXBuildFile; fileRef = 7C3690FB253B98530067EF83 /* MovieItem.swift */; };
		7C3690FE253B98530067EF83 /* MovieItem.swift in Sources */ = {isa = PBXBuildFile; fileRef = 7C3690FB253B98530067EF83 /* MovieItem.swift */; };
		7C3691B1253E46870067EF83 /* LazyView.swift in Sources */ = {isa = PBXBuildFile; fileRef = 7C3691B0253E46870067EF83 /* LazyView.swift */; };
		7C3691B2253E46870067EF83 /* LazyView.swift in Sources */ = {isa = PBXBuildFile; fileRef = 7C3691B0253E46870067EF83 /* LazyView.swift */; };
		7C3691B3253E46870067EF83 /* LazyView.swift in Sources */ = {isa = PBXBuildFile; fileRef = 7C3691B0253E46870067EF83 /* LazyView.swift */; };
		7C3691C1253E48250067EF83 /* MovieList.swift in Sources */ = {isa = PBXBuildFile; fileRef = 7C3691C0253E48250067EF83 /* MovieList.swift */; };
		7C3691D6253E63C60067EF83 /* MovieDetails.swift in Sources */ = {isa = PBXBuildFile; fileRef = 7C3691D5253E63C60067EF83 /* MovieDetails.swift */; };
		7C3691E3253E63E50067EF83 /* MovieDetails.swift in Sources */ = {isa = PBXBuildFile; fileRef = 7C3690D32539FE640067EF83 /* MovieDetails.swift */; };
		7CC0077225425CC700973AA4 /* ContentView.swift in Sources */ = {isa = PBXBuildFile; fileRef = 7C3691A8253E3E3B0067EF83 /* ContentView.swift */; };
		7CC0077925425CDF00973AA4 /* ContentView.swift in Sources */ = {isa = PBXBuildFile; fileRef = 7C3691A8253E3E3B0067EF83 /* ContentView.swift */; };
		7CC0078A2542622200973AA4 /* Subtitles.swift in Sources */ = {isa = PBXBuildFile; fileRef = 7CF7F246253FAF2900DB13EE /* Subtitles.swift */; };
		7CC008082544853300973AA4 /* MovieRow.swift in Sources */ = {isa = PBXBuildFile; fileRef = 7CC008072544853300973AA4 /* MovieRow.swift */; };
		7CC008092544853300973AA4 /* MovieRow.swift in Sources */ = {isa = PBXBuildFile; fileRef = 7CC008072544853300973AA4 /* MovieRow.swift */; };
		7CC0080A2544853300973AA4 /* MovieRow.swift in Sources */ = {isa = PBXBuildFile; fileRef = 7CC008072544853300973AA4 /* MovieRow.swift */; };
		7CDD2F6624E1FC9800E65AEA /* Models.swift in Sources */ = {isa = PBXBuildFile; fileRef = 7CDD2F6524E1FC9800E65AEA /* Models.swift */; };
		7CDD2F6724E1FC9800E65AEA /* Models.swift in Sources */ = {isa = PBXBuildFile; fileRef = 7CDD2F6524E1FC9800E65AEA /* Models.swift */; };
		7CDD2F6824E1FC9800E65AEA /* Models.swift in Sources */ = {isa = PBXBuildFile; fileRef = 7CDD2F6524E1FC9800E65AEA /* Models.swift */; };
		7CF7F247253FAF2900DB13EE /* Subtitles.swift in Sources */ = {isa = PBXBuildFile; fileRef = 7CF7F246253FAF2900DB13EE /* Subtitles.swift */; };
		7CF8066724CC8E3100503C38 /* Tests_iOS.swift in Sources */ = {isa = PBXBuildFile; fileRef = 7CF8066624CC8E3100503C38 /* Tests_iOS.swift */; };
		7CF8067224CC8E3100503C38 /* Tests_macOS.swift in Sources */ = {isa = PBXBuildFile; fileRef = 7CF8067124CC8E3100503C38 /* Tests_macOS.swift */; };
		7CF8067424CC8E3100503C38 /* Silver_ScreenApp.swift in Sources */ = {isa = PBXBuildFile; fileRef = 7CF8064B24CC8E2F00503C38 /* Silver_ScreenApp.swift */; };
		7CF8067524CC8E3100503C38 /* Silver_ScreenApp.swift in Sources */ = {isa = PBXBuildFile; fileRef = 7CF8064B24CC8E2F00503C38 /* Silver_ScreenApp.swift */; };
		7CF8067824CC8E3100503C38 /* Assets.xcassets in Resources */ = {isa = PBXBuildFile; fileRef = 7CF8064D24CC8E3100503C38 /* Assets.xcassets */; };
		7CF8067924CC8E3100503C38 /* Assets.xcassets in Resources */ = {isa = PBXBuildFile; fileRef = 7CF8064D24CC8E3100503C38 /* Assets.xcassets */; };
		7CF8068D24CC914A00503C38 /* GRDB in Frameworks */ = {isa = PBXBuildFile; productRef = 7CF8068C24CC914A00503C38 /* GRDB */; };
		7CF8069724CCDCBD00503C38 /* GRDB in Frameworks */ = {isa = PBXBuildFile; productRef = 7CF8069624CCDCBD00503C38 /* GRDB */; };
/* End PBXBuildFile section */

/* Begin PBXContainerItemProxy section */
		7CF8066324CC8E3100503C38 /* PBXContainerItemProxy */ = {
			isa = PBXContainerItemProxy;
			containerPortal = 7CF8064624CC8E2E00503C38 /* Project object */;
			proxyType = 1;
			remoteGlobalIDString = 7CF8065124CC8E3100503C38;
			remoteInfo = "Silver Screen (iOS)";
		};
		7CF8066E24CC8E3100503C38 /* PBXContainerItemProxy */ = {
			isa = PBXContainerItemProxy;
			containerPortal = 7CF8064624CC8E2E00503C38 /* Project object */;
			proxyType = 1;
			remoteGlobalIDString = 7CF8065924CC8E3100503C38;
			remoteInfo = "Silver Screen (macOS)";
		};
/* End PBXContainerItemProxy section */

/* Begin PBXFileReference section */
		7C044C6D24D7803F0054654F /* ClassicFilms.sqlite */ = {isa = PBXFileReference; lastKnownFileType = file; path = ClassicFilms.sqlite; sourceTree = "<group>"; };
		7C044C7424D781230054654F /* Silver Screen.app */ = {isa = PBXFileReference; explicitFileType = wrapper.application; includeInIndex = 0; path = "Silver Screen.app"; sourceTree = BUILT_PRODUCTS_DIR; };
		7C044C7F24D781260054654F /* Info.plist */ = {isa = PBXFileReference; lastKnownFileType = text.plist.xml; path = Info.plist; sourceTree = "<group>"; };
		7C3690D32539FE640067EF83 /* MovieDetails.swift */ = {isa = PBXFileReference; lastKnownFileType = sourcecode.swift; path = MovieDetails.swift; sourceTree = "<group>"; };
		7C3690DD253A0F710067EF83 /* MoviePlayer.swift */ = {isa = PBXFileReference; lastKnownFileType = sourcecode.swift; path = MoviePlayer.swift; sourceTree = "<group>"; };
		7C3690E7253A100B0067EF83 /* AboutPage.swift */ = {isa = PBXFileReference; lastKnownFileType = sourcecode.swift; path = AboutPage.swift; sourceTree = "<group>"; };
		7C3690F1253B97FD0067EF83 /* MovieList.swift */ = {isa = PBXFileReference; lastKnownFileType = sourcecode.swift; path = MovieList.swift; sourceTree = "<group>"; };
		7C3690FB253B98530067EF83 /* MovieItem.swift */ = {isa = PBXFileReference; lastKnownFileType = sourcecode.swift; path = MovieItem.swift; sourceTree = "<group>"; };
		7C3691A8253E3E3B0067EF83 /* ContentView.swift */ = {isa = PBXFileReference; fileEncoding = 4; lastKnownFileType = sourcecode.swift; path = ContentView.swift; sourceTree = "<group>"; };
		7C3691B0253E46870067EF83 /* LazyView.swift */ = {isa = PBXFileReference; lastKnownFileType = sourcecode.swift; path = LazyView.swift; sourceTree = "<group>"; };
		7C3691C0253E48250067EF83 /* MovieList.swift */ = {isa = PBXFileReference; fileEncoding = 4; lastKnownFileType = sourcecode.swift; path = MovieList.swift; sourceTree = "<group>"; };
		7C3691D5253E63C60067EF83 /* MovieDetails.swift */ = {isa = PBXFileReference; fileEncoding = 4; lastKnownFileType = sourcecode.swift; path = MovieDetails.swift; sourceTree = "<group>"; };
		7CC008072544853300973AA4 /* MovieRow.swift */ = {isa = PBXFileReference; lastKnownFileType = sourcecode.swift; path = MovieRow.swift; sourceTree = "<group>"; };
		7CDD2F6524E1FC9800E65AEA /* Models.swift */ = {isa = PBXFileReference; lastKnownFileType = sourcecode.swift; path = Models.swift; sourceTree = "<group>"; };
		7CF7F246253FAF2900DB13EE /* Subtitles.swift */ = {isa = PBXFileReference; fileEncoding = 4; lastKnownFileType = sourcecode.swift; path = Subtitles.swift; sourceTree = "<group>"; };
		7CF8064B24CC8E2F00503C38 /* Silver_ScreenApp.swift */ = {isa = PBXFileReference; lastKnownFileType = sourcecode.swift; path = Silver_ScreenApp.swift; sourceTree = "<group>"; };
		7CF8064D24CC8E3100503C38 /* Assets.xcassets */ = {isa = PBXFileReference; lastKnownFileType = folder.assetcatalog; path = Assets.xcassets; sourceTree = "<group>"; };
		7CF8065224CC8E3100503C38 /* Silver Screen.app */ = {isa = PBXFileReference; explicitFileType = wrapper.application; includeInIndex = 0; path = "Silver Screen.app"; sourceTree = BUILT_PRODUCTS_DIR; };
		7CF8065524CC8E3100503C38 /* Info.plist */ = {isa = PBXFileReference; lastKnownFileType = text.plist.xml; path = Info.plist; sourceTree = "<group>"; };
		7CF8065A24CC8E3100503C38 /* Silver Screen.app */ = {isa = PBXFileReference; explicitFileType = wrapper.application; includeInIndex = 0; path = "Silver Screen.app"; sourceTree = BUILT_PRODUCTS_DIR; };
		7CF8065C24CC8E3100503C38 /* Info.plist */ = {isa = PBXFileReference; lastKnownFileType = text.plist.xml; path = Info.plist; sourceTree = "<group>"; };
		7CF8065D24CC8E3100503C38 /* macOS.entitlements */ = {isa = PBXFileReference; lastKnownFileType = text.plist.entitlements; path = macOS.entitlements; sourceTree = "<group>"; };
		7CF8066224CC8E3100503C38 /* Tests iOS.xctest */ = {isa = PBXFileReference; explicitFileType = wrapper.cfbundle; includeInIndex = 0; path = "Tests iOS.xctest"; sourceTree = BUILT_PRODUCTS_DIR; };
		7CF8066624CC8E3100503C38 /* Tests_iOS.swift */ = {isa = PBXFileReference; lastKnownFileType = sourcecode.swift; path = Tests_iOS.swift; sourceTree = "<group>"; };
		7CF8066824CC8E3100503C38 /* Info.plist */ = {isa = PBXFileReference; lastKnownFileType = text.plist.xml; path = Info.plist; sourceTree = "<group>"; };
		7CF8066D24CC8E3100503C38 /* Tests macOS.xctest */ = {isa = PBXFileReference; explicitFileType = wrapper.cfbundle; includeInIndex = 0; path = "Tests macOS.xctest"; sourceTree = BUILT_PRODUCTS_DIR; };
		7CF8067124CC8E3100503C38 /* Tests_macOS.swift */ = {isa = PBXFileReference; lastKnownFileType = sourcecode.swift; path = Tests_macOS.swift; sourceTree = "<group>"; };
		7CF8067324CC8E3100503C38 /* Info.plist */ = {isa = PBXFileReference; lastKnownFileType = text.plist.xml; path = Info.plist; sourceTree = "<group>"; };
/* End PBXFileReference section */

/* Begin PBXFrameworksBuildPhase section */
		7C044C7124D781230054654F /* Frameworks */ = {
			isa = PBXFrameworksBuildPhase;
			buildActionMask = 2147483647;
			files = (
				7C044CA424D782000054654F /* GRDB in Frameworks */,
			);
			runOnlyForDeploymentPostprocessing = 0;
		};
		7CF8064F24CC8E3100503C38 /* Frameworks */ = {
			isa = PBXFrameworksBuildPhase;
			buildActionMask = 2147483647;
			files = (
				7CF8068D24CC914A00503C38 /* GRDB in Frameworks */,
			);
			runOnlyForDeploymentPostprocessing = 0;
		};
		7CF8065724CC8E3100503C38 /* Frameworks */ = {
			isa = PBXFrameworksBuildPhase;
			buildActionMask = 2147483647;
			files = (
				7CF8069724CCDCBD00503C38 /* GRDB in Frameworks */,
			);
			runOnlyForDeploymentPostprocessing = 0;
		};
		7CF8065F24CC8E3100503C38 /* Frameworks */ = {
			isa = PBXFrameworksBuildPhase;
			buildActionMask = 2147483647;
			files = (
			);
			runOnlyForDeploymentPostprocessing = 0;
		};
		7CF8066A24CC8E3100503C38 /* Frameworks */ = {
			isa = PBXFrameworksBuildPhase;
			buildActionMask = 2147483647;
			files = (
			);
			runOnlyForDeploymentPostprocessing = 0;
		};
/* End PBXFrameworksBuildPhase section */

/* Begin PBXGroup section */
		7C044C7524D781230054654F /* tvOS */ = {
			isa = PBXGroup;
			children = (
				7C3690D32539FE640067EF83 /* MovieDetails.swift */,
				7C3690F1253B97FD0067EF83 /* MovieList.swift */,
				7C044C7F24D781260054654F /* Info.plist */,
			);
			path = tvOS;
			sourceTree = "<group>";
		};
		7CF8064524CC8E2E00503C38 = {
			isa = PBXGroup;
			children = (
				7CF8064A24CC8E2F00503C38 /* Shared */,
				7CF8065424CC8E3100503C38 /* iOS */,
				7CF8065B24CC8E3100503C38 /* macOS */,
				7C044C7524D781230054654F /* tvOS */,
				7CF8066524CC8E3100503C38 /* Tests iOS */,
				7CF8067024CC8E3100503C38 /* Tests macOS */,
				7CF8065324CC8E3100503C38 /* Products */,
				7CF8069324CCDCB300503C38 /* Frameworks */,
			);
			sourceTree = "<group>";
		};
		7CF8064A24CC8E2F00503C38 /* Shared */ = {
			isa = PBXGroup;
			children = (
				7C044C6D24D7803F0054654F /* ClassicFilms.sqlite */,
				7CF8064B24CC8E2F00503C38 /* Silver_ScreenApp.swift */,
				7C3691B0253E46870067EF83 /* LazyView.swift */,
				7C3690FB253B98530067EF83 /* MovieItem.swift */,
				7CC008072544853300973AA4 /* MovieRow.swift */,
				7C3690E7253A100B0067EF83 /* AboutPage.swift */,
				7CDD2F6524E1FC9800E65AEA /* Models.swift */,
				7CF7F246253FAF2900DB13EE /* Subtitles.swift */,
				7C3691A8253E3E3B0067EF83 /* ContentView.swift */,
				7C3690DD253A0F710067EF83 /* MoviePlayer.swift */,
				7CF8064D24CC8E3100503C38 /* Assets.xcassets */,
			);
			path = Shared;
			sourceTree = "<group>";
		};
		7CF8065324CC8E3100503C38 /* Products */ = {
			isa = PBXGroup;
			children = (
				7CF8065224CC8E3100503C38 /* Silver Screen.app */,
				7CF8065A24CC8E3100503C38 /* Silver Screen.app */,
				7CF8066224CC8E3100503C38 /* Tests iOS.xctest */,
				7CF8066D24CC8E3100503C38 /* Tests macOS.xctest */,
				7C044C7424D781230054654F /* Silver Screen.app */,
			);
			name = Products;
			sourceTree = "<group>";
		};
		7CF8065424CC8E3100503C38 /* iOS */ = {
			isa = PBXGroup;
			children = (
				7C3691D5253E63C60067EF83 /* MovieDetails.swift */,
				7C3691C0253E48250067EF83 /* MovieList.swift */,
				7CF8065524CC8E3100503C38 /* Info.plist */,
			);
			path = iOS;
			sourceTree = "<group>";
		};
		7CF8065B24CC8E3100503C38 /* macOS */ = {
			isa = PBXGroup;
			children = (
				7CF8065C24CC8E3100503C38 /* Info.plist */,
				7CF8065D24CC8E3100503C38 /* macOS.entitlements */,
			);
			path = macOS;
			sourceTree = "<group>";
		};
		7CF8066524CC8E3100503C38 /* Tests iOS */ = {
			isa = PBXGroup;
			children = (
				7CF8066624CC8E3100503C38 /* Tests_iOS.swift */,
				7CF8066824CC8E3100503C38 /* Info.plist */,
			);
			path = "Tests iOS";
			sourceTree = "<group>";
		};
		7CF8067024CC8E3100503C38 /* Tests macOS */ = {
			isa = PBXGroup;
			children = (
				7CF8067124CC8E3100503C38 /* Tests_macOS.swift */,
				7CF8067324CC8E3100503C38 /* Info.plist */,
			);
			path = "Tests macOS";
			sourceTree = "<group>";
		};
		7CF8069324CCDCB300503C38 /* Frameworks */ = {
			isa = PBXGroup;
			children = (
			);
			name = Frameworks;
			sourceTree = "<group>";
		};
/* End PBXGroup section */

/* Begin PBXNativeTarget section */
		7C044C7324D781230054654F /* Silver Screen (tvOS) */ = {
			isa = PBXNativeTarget;
			buildConfigurationList = 7C044C9624D781270054654F /* Build configuration list for PBXNativeTarget "Silver Screen (tvOS)" */;
			buildPhases = (
				7C044C7024D781230054654F /* Sources */,
				7C044C7124D781230054654F /* Frameworks */,
				7C044C7224D781230054654F /* Resources */,
			);
			buildRules = (
			);
			dependencies = (
			);
			name = "Silver Screen (tvOS)";
			packageProductDependencies = (
				7C044CA324D782000054654F /* GRDB */,
			);
			productName = "silver-screen";
			productReference = 7C044C7424D781230054654F /* Silver Screen.app */;
			productType = "com.apple.product-type.application";
		};
		7CF8065124CC8E3100503C38 /* Silver Screen (iOS) */ = {
			isa = PBXNativeTarget;
			buildConfigurationList = 7CF8067C24CC8E3100503C38 /* Build configuration list for PBXNativeTarget "Silver Screen (iOS)" */;
			buildPhases = (
				7CF8064E24CC8E3100503C38 /* Sources */,
				7CF8064F24CC8E3100503C38 /* Frameworks */,
				7CF8065024CC8E3100503C38 /* Resources */,
			);
			buildRules = (
			);
			dependencies = (
			);
			name = "Silver Screen (iOS)";
			packageProductDependencies = (
				7CF8068C24CC914A00503C38 /* GRDB */,
			);
			productName = "Silver Screen (iOS)";
			productReference = 7CF8065224CC8E3100503C38 /* Silver Screen.app */;
			productType = "com.apple.product-type.application";
		};
		7CF8065924CC8E3100503C38 /* Silver Screen (macOS) */ = {
			isa = PBXNativeTarget;
			buildConfigurationList = 7CF8067F24CC8E3100503C38 /* Build configuration list for PBXNativeTarget "Silver Screen (macOS)" */;
			buildPhases = (
				7CF8065624CC8E3100503C38 /* Sources */,
				7CF8065724CC8E3100503C38 /* Frameworks */,
				7CF8065824CC8E3100503C38 /* Resources */,
			);
			buildRules = (
			);
			dependencies = (
			);
			name = "Silver Screen (macOS)";
			packageProductDependencies = (
				7CF8069624CCDCBD00503C38 /* GRDB */,
			);
			productName = "Silver Screen (macOS)";
			productReference = 7CF8065A24CC8E3100503C38 /* Silver Screen.app */;
			productType = "com.apple.product-type.application";
		};
		7CF8066124CC8E3100503C38 /* Tests iOS */ = {
			isa = PBXNativeTarget;
			buildConfigurationList = 7CF8068224CC8E3100503C38 /* Build configuration list for PBXNativeTarget "Tests iOS" */;
			buildPhases = (
				7CF8065E24CC8E3100503C38 /* Sources */,
				7CF8065F24CC8E3100503C38 /* Frameworks */,
				7CF8066024CC8E3100503C38 /* Resources */,
			);
			buildRules = (
			);
			dependencies = (
				7CF8066424CC8E3100503C38 /* PBXTargetDependency */,
			);
			name = "Tests iOS";
			productName = "Tests iOS";
			productReference = 7CF8066224CC8E3100503C38 /* Tests iOS.xctest */;
			productType = "com.apple.product-type.bundle.ui-testing";
		};
		7CF8066C24CC8E3100503C38 /* Tests macOS */ = {
			isa = PBXNativeTarget;
			buildConfigurationList = 7CF8068524CC8E3100503C38 /* Build configuration list for PBXNativeTarget "Tests macOS" */;
			buildPhases = (
				7CF8066924CC8E3100503C38 /* Sources */,
				7CF8066A24CC8E3100503C38 /* Frameworks */,
				7CF8066B24CC8E3100503C38 /* Resources */,
			);
			buildRules = (
			);
			dependencies = (
				7CF8066F24CC8E3100503C38 /* PBXTargetDependency */,
			);
			name = "Tests macOS";
			productName = "Tests macOS";
			productReference = 7CF8066D24CC8E3100503C38 /* Tests macOS.xctest */;
			productType = "com.apple.product-type.bundle.ui-testing";
		};
/* End PBXNativeTarget section */

/* Begin PBXProject section */
		7CF8064624CC8E2E00503C38 /* Project object */ = {
			isa = PBXProject;
			attributes = {
				LastSwiftUpdateCheck = 1200;
				LastUpgradeCheck = 1200;
				TargetAttributes = {
					7C044C7324D781230054654F = {
						CreatedOnToolsVersion = 12.0;
					};
					7CF8065124CC8E3100503C38 = {
						CreatedOnToolsVersion = 12.0;
					};
					7CF8065924CC8E3100503C38 = {
						CreatedOnToolsVersion = 12.0;
					};
					7CF8066124CC8E3100503C38 = {
						CreatedOnToolsVersion = 12.0;
						TestTargetID = 7CF8065124CC8E3100503C38;
					};
					7CF8066C24CC8E3100503C38 = {
						CreatedOnToolsVersion = 12.0;
						TestTargetID = 7CF8065924CC8E3100503C38;
					};
				};
			};
			buildConfigurationList = 7CF8064924CC8E2E00503C38 /* Build configuration list for PBXProject "Silver Screen" */;
			compatibilityVersion = "Xcode 9.3";
			developmentRegion = en;
			hasScannedForEncodings = 0;
			knownRegions = (
				en,
				Base,
			);
			mainGroup = 7CF8064524CC8E2E00503C38;
			packageReferences = (
				7CF8068B24CC914A00503C38 /* XCRemoteSwiftPackageReference "GRDB.swift" */,
			);
			productRefGroup = 7CF8065324CC8E3100503C38 /* Products */;
			projectDirPath = "";
			projectRoot = "";
			targets = (
				7CF8065124CC8E3100503C38 /* Silver Screen (iOS) */,
				7CF8065924CC8E3100503C38 /* Silver Screen (macOS) */,
				7C044C7324D781230054654F /* Silver Screen (tvOS) */,
				7CF8066124CC8E3100503C38 /* Tests iOS */,
				7CF8066C24CC8E3100503C38 /* Tests macOS */,
			);
		};
/* End PBXProject section */

/* Begin PBXResourcesBuildPhase section */
		7C044C7224D781230054654F /* Resources */ = {
			isa = PBXResourcesBuildPhase;
			buildActionMask = 2147483647;
			files = (
				7C044CA524D782070054654F /* ClassicFilms.sqlite in Resources */,
				7C044CA624D782070054654F /* Assets.xcassets in Resources */,
			);
			runOnlyForDeploymentPostprocessing = 0;
		};
		7CF8065024CC8E3100503C38 /* Resources */ = {
			isa = PBXResourcesBuildPhase;
			buildActionMask = 2147483647;
			files = (
				7C044C6E24D7803F0054654F /* ClassicFilms.sqlite in Resources */,
				7CF8067824CC8E3100503C38 /* Assets.xcassets in Resources */,
			);
			runOnlyForDeploymentPostprocessing = 0;
		};
		7CF8065824CC8E3100503C38 /* Resources */ = {
			isa = PBXResourcesBuildPhase;
			buildActionMask = 2147483647;
			files = (
				7C044C6F24D7803F0054654F /* ClassicFilms.sqlite in Resources */,
				7CF8067924CC8E3100503C38 /* Assets.xcassets in Resources */,
			);
			runOnlyForDeploymentPostprocessing = 0;
		};
		7CF8066024CC8E3100503C38 /* Resources */ = {
			isa = PBXResourcesBuildPhase;
			buildActionMask = 2147483647;
			files = (
			);
			runOnlyForDeploymentPostprocessing = 0;
		};
		7CF8066B24CC8E3100503C38 /* Resources */ = {
			isa = PBXResourcesBuildPhase;
			buildActionMask = 2147483647;
			files = (
			);
			runOnlyForDeploymentPostprocessing = 0;
		};
/* End PBXResourcesBuildPhase section */

/* Begin PBXSourcesBuildPhase section */
		7C044C7024D781230054654F /* Sources */ = {
			isa = PBXSourcesBuildPhase;
			buildActionMask = 2147483647;
			files = (
				7CC0078A2542622200973AA4 /* Subtitles.swift in Sources */,
				7CC0080A2544853300973AA4 /* MovieRow.swift in Sources */,
				7CC0077925425CDF00973AA4 /* ContentView.swift in Sources */,
				7C3691E3253E63E50067EF83 /* MovieDetails.swift in Sources */,
				7C044C9F24D781E30054654F /* Silver_ScreenApp.swift in Sources */,
				7C3690FE253B98530067EF83 /* MovieItem.swift in Sources */,
				7CDD2F6824E1FC9800E65AEA /* Models.swift in Sources */,
				7C3690EA253A100B0067EF83 /* AboutPage.swift in Sources */,
				7C3690E0253A0F710067EF83 /* MoviePlayer.swift in Sources */,
				7C3691B3253E46870067EF83 /* LazyView.swift in Sources */,
				7C3690F4253B97FE0067EF83 /* MovieList.swift in Sources */,
			);
			runOnlyForDeploymentPostprocessing = 0;
		};
		7CF8064E24CC8E3100503C38 /* Sources */ = {
			isa = PBXSourcesBuildPhase;
			buildActionMask = 2147483647;
			files = (
				7CC008082544853300973AA4 /* MovieRow.swift in Sources */,
				7CC0077225425CC700973AA4 /* ContentView.swift in Sources */,
				7C3691C1253E48250067EF83 /* MovieList.swift in Sources */,
				7C3690FC253B98530067EF83 /* MovieItem.swift in Sources */,
				7CDD2F6624E1FC9800E65AEA /* Models.swift in Sources */,
				7C3690E8253A100B0067EF83 /* AboutPage.swift in Sources */,
				7C3690DE253A0F710067EF83 /* MoviePlayer.swift in Sources */,
				7CF8067424CC8E3100503C38 /* Silver_ScreenApp.swift in Sources */,
				7CF7F247253FAF2900DB13EE /* Subtitles.swift in Sources */,
				7C3691B1253E46870067EF83 /* LazyView.swift in Sources */,
				7C3691D6253E63C60067EF83 /* MovieDetails.swift in Sources */,
			);
			runOnlyForDeploymentPostprocessing = 0;
		};
		7CF8065624CC8E3100503C38 /* Sources */ = {
			isa = PBXSourcesBuildPhase;
			buildActionMask = 2147483647;
			files = (
				7C3690FD253B98530067EF83 /* MovieItem.swift in Sources */,
				7CDD2F6724E1FC9800E65AEA /* Models.swift in Sources */,
				7C3690E9253A100B0067EF83 /* AboutPage.swift in Sources */,
				7C3690DF253A0F710067EF83 /* MoviePlayer.swift in Sources */,
				7CF8067524CC8E3100503C38 /* Silver_ScreenApp.swift in Sources */,
				7C3691B2253E46870067EF83 /* LazyView.swift in Sources */,
				7CC008092544853300973AA4 /* MovieRow.swift in Sources */,
				7C3690D52539FE640067EF83 /* MovieDetails.swift in Sources */,
				7C3690F3253B97FE0067EF83 /* MovieList.swift in Sources */,
			);
			runOnlyForDeploymentPostprocessing = 0;
		};
		7CF8065E24CC8E3100503C38 /* Sources */ = {
			isa = PBXSourcesBuildPhase;
			buildActionMask = 2147483647;
			files = (
				7CF8066724CC8E3100503C38 /* Tests_iOS.swift in Sources */,
			);
			runOnlyForDeploymentPostprocessing = 0;
		};
		7CF8066924CC8E3100503C38 /* Sources */ = {
			isa = PBXSourcesBuildPhase;
			buildActionMask = 2147483647;
			files = (
				7CF8067224CC8E3100503C38 /* Tests_macOS.swift in Sources */,
			);
			runOnlyForDeploymentPostprocessing = 0;
		};
/* End PBXSourcesBuildPhase section */

/* Begin PBXTargetDependency section */
		7CF8066424CC8E3100503C38 /* PBXTargetDependency */ = {
			isa = PBXTargetDependency;
			target = 7CF8065124CC8E3100503C38 /* Silver Screen (iOS) */;
			targetProxy = 7CF8066324CC8E3100503C38 /* PBXContainerItemProxy */;
		};
		7CF8066F24CC8E3100503C38 /* PBXTargetDependency */ = {
			isa = PBXTargetDependency;
			target = 7CF8065924CC8E3100503C38 /* Silver Screen (macOS) */;
			targetProxy = 7CF8066E24CC8E3100503C38 /* PBXContainerItemProxy */;
		};
/* End PBXTargetDependency section */

/* Begin XCBuildConfiguration section */
		7C044C9724D781270054654F /* Debug */ = {
			isa = XCBuildConfiguration;
			buildSettings = {
				ASSETCATALOG_COMPILER_APPICON_NAME = "App Icon & Top Shelf Image";
				ASSETCATALOG_COMPILER_GLOBAL_ACCENT_COLOR_NAME = AccentColor;
				CODE_SIGN_STYLE = Automatic;
				CURRENT_PROJECT_VERSION = 4;
				DEVELOPMENT_TEAM = QCM3Q3E382;
				ENABLE_PREVIEWS = YES;
				INFOPLIST_FILE = tvOS/Info.plist;
				LD_RUNPATH_SEARCH_PATHS = (
					"$(inherited)",
					"@executable_path/Frameworks",
				);
				MARKETING_VERSION = 1.3;
				PRODUCT_BUNDLE_IDENTIFIER = team.wizards.silverscreen;
				PRODUCT_NAME = "Silver Screen";
				SDKROOT = appletvos;
				SWIFT_VERSION = 5.0;
				TARGETED_DEVICE_FAMILY = 3;
				TVOS_DEPLOYMENT_TARGET = 16.0;
			};
			name = Debug;
		};
		7C044C9824D781270054654F /* Release */ = {
			isa = XCBuildConfiguration;
			buildSettings = {
				ASSETCATALOG_COMPILER_APPICON_NAME = "App Icon & Top Shelf Image";
				ASSETCATALOG_COMPILER_GLOBAL_ACCENT_COLOR_NAME = AccentColor;
				CODE_SIGN_STYLE = Automatic;
				CURRENT_PROJECT_VERSION = 4;
				DEVELOPMENT_TEAM = QCM3Q3E382;
				ENABLE_PREVIEWS = YES;
				INFOPLIST_FILE = tvOS/Info.plist;
				LD_RUNPATH_SEARCH_PATHS = (
					"$(inherited)",
					"@executable_path/Frameworks",
				);
				MARKETING_VERSION = 1.3;
				PRODUCT_BUNDLE_IDENTIFIER = team.wizards.silverscreen;
				PRODUCT_NAME = "Silver Screen";
				SDKROOT = appletvos;
				SWIFT_VERSION = 5.0;
				TARGETED_DEVICE_FAMILY = 3;
				TVOS_DEPLOYMENT_TARGET = 16.0;
				VALIDATE_PRODUCT = YES;
			};
			name = Release;
		};
		7CF8067A24CC8E3100503C38 /* Debug */ = {
			isa = XCBuildConfiguration;
			buildSettings = {
				ALWAYS_SEARCH_USER_PATHS = NO;
				CLANG_ANALYZER_NONNULL = YES;
				CLANG_ANALYZER_NUMBER_OBJECT_CONVERSION = YES_AGGRESSIVE;
				CLANG_CXX_LANGUAGE_STANDARD = "gnu++14";
				CLANG_CXX_LIBRARY = "libc++";
				CLANG_ENABLE_MODULES = YES;
				CLANG_ENABLE_OBJC_ARC = YES;
				CLANG_ENABLE_OBJC_WEAK = YES;
				CLANG_WARN_BLOCK_CAPTURE_AUTORELEASING = YES;
				CLANG_WARN_BOOL_CONVERSION = YES;
				CLANG_WARN_COMMA = YES;
				CLANG_WARN_CONSTANT_CONVERSION = YES;
				CLANG_WARN_DEPRECATED_OBJC_IMPLEMENTATIONS = YES;
				CLANG_WARN_DIRECT_OBJC_ISA_USAGE = YES_ERROR;
				CLANG_WARN_DOCUMENTATION_COMMENTS = YES;
				CLANG_WARN_EMPTY_BODY = YES;
				CLANG_WARN_ENUM_CONVERSION = YES;
				CLANG_WARN_INFINITE_RECURSION = YES;
				CLANG_WARN_INT_CONVERSION = YES;
				CLANG_WARN_NON_LITERAL_NULL_CONVERSION = YES;
				CLANG_WARN_OBJC_IMPLICIT_RETAIN_SELF = YES;
				CLANG_WARN_OBJC_LITERAL_CONVERSION = YES;
				CLANG_WARN_OBJC_ROOT_CLASS = YES_ERROR;
				CLANG_WARN_QUOTED_INCLUDE_IN_FRAMEWORK_HEADER = YES;
				CLANG_WARN_RANGE_LOOP_ANALYSIS = YES;
				CLANG_WARN_STRICT_PROTOTYPES = YES;
				CLANG_WARN_SUSPICIOUS_MOVE = YES;
				CLANG_WARN_UNGUARDED_AVAILABILITY = YES_AGGRESSIVE;
				CLANG_WARN_UNREACHABLE_CODE = YES;
				CLANG_WARN__DUPLICATE_METHOD_MATCH = YES;
				COPY_PHASE_STRIP = NO;
				DEBUG_INFORMATION_FORMAT = dwarf;
				ENABLE_STRICT_OBJC_MSGSEND = YES;
				ENABLE_TESTABILITY = YES;
				GCC_C_LANGUAGE_STANDARD = gnu11;
				GCC_DYNAMIC_NO_PIC = NO;
				GCC_NO_COMMON_BLOCKS = YES;
				GCC_OPTIMIZATION_LEVEL = 0;
				GCC_PREPROCESSOR_DEFINITIONS = (
					"DEBUG=1",
					"$(inherited)",
				);
				GCC_WARN_64_TO_32_BIT_CONVERSION = YES;
				GCC_WARN_ABOUT_RETURN_TYPE = YES_ERROR;
				GCC_WARN_UNDECLARED_SELECTOR = YES;
				GCC_WARN_UNINITIALIZED_AUTOS = YES_AGGRESSIVE;
				GCC_WARN_UNUSED_FUNCTION = YES;
				GCC_WARN_UNUSED_VARIABLE = YES;
				MTL_ENABLE_DEBUG_INFO = INCLUDE_SOURCE;
				MTL_FAST_MATH = YES;
				ONLY_ACTIVE_ARCH = YES;
				SWIFT_ACTIVE_COMPILATION_CONDITIONS = DEBUG;
				SWIFT_OPTIMIZATION_LEVEL = "-Onone";
			};
			name = Debug;
		};
		7CF8067B24CC8E3100503C38 /* Release */ = {
			isa = XCBuildConfiguration;
			buildSettings = {
				ALWAYS_SEARCH_USER_PATHS = NO;
				CLANG_ANALYZER_NONNULL = YES;
				CLANG_ANALYZER_NUMBER_OBJECT_CONVERSION = YES_AGGRESSIVE;
				CLANG_CXX_LANGUAGE_STANDARD = "gnu++14";
				CLANG_CXX_LIBRARY = "libc++";
				CLANG_ENABLE_MODULES = YES;
				CLANG_ENABLE_OBJC_ARC = YES;
				CLANG_ENABLE_OBJC_WEAK = YES;
				CLANG_WARN_BLOCK_CAPTURE_AUTORELEASING = YES;
				CLANG_WARN_BOOL_CONVERSION = YES;
				CLANG_WARN_COMMA = YES;
				CLANG_WARN_CONSTANT_CONVERSION = YES;
				CLANG_WARN_DEPRECATED_OBJC_IMPLEMENTATIONS = YES;
				CLANG_WARN_DIRECT_OBJC_ISA_USAGE = YES_ERROR;
				CLANG_WARN_DOCUMENTATION_COMMENTS = YES;
				CLANG_WARN_EMPTY_BODY = YES;
				CLANG_WARN_ENUM_CONVERSION = YES;
				CLANG_WARN_INFINITE_RECURSION = YES;
				CLANG_WARN_INT_CONVERSION = YES;
				CLANG_WARN_NON_LITERAL_NULL_CONVERSION = YES;
				CLANG_WARN_OBJC_IMPLICIT_RETAIN_SELF = YES;
				CLANG_WARN_OBJC_LITERAL_CONVERSION = YES;
				CLANG_WARN_OBJC_ROOT_CLASS = YES_ERROR;
				CLANG_WARN_QUOTED_INCLUDE_IN_FRAMEWORK_HEADER = YES;
				CLANG_WARN_RANGE_LOOP_ANALYSIS = YES;
				CLANG_WARN_STRICT_PROTOTYPES = YES;
				CLANG_WARN_SUSPICIOUS_MOVE = YES;
				CLANG_WARN_UNGUARDED_AVAILABILITY = YES_AGGRESSIVE;
				CLANG_WARN_UNREACHABLE_CODE = YES;
				CLANG_WARN__DUPLICATE_METHOD_MATCH = YES;
				COPY_PHASE_STRIP = NO;
				DEBUG_INFORMATION_FORMAT = "dwarf-with-dsym";
				ENABLE_NS_ASSERTIONS = NO;
				ENABLE_STRICT_OBJC_MSGSEND = YES;
				GCC_C_LANGUAGE_STANDARD = gnu11;
				GCC_NO_COMMON_BLOCKS = YES;
				GCC_WARN_64_TO_32_BIT_CONVERSION = YES;
				GCC_WARN_ABOUT_RETURN_TYPE = YES_ERROR;
				GCC_WARN_UNDECLARED_SELECTOR = YES;
				GCC_WARN_UNINITIALIZED_AUTOS = YES_AGGRESSIVE;
				GCC_WARN_UNUSED_FUNCTION = YES;
				GCC_WARN_UNUSED_VARIABLE = YES;
				MTL_ENABLE_DEBUG_INFO = NO;
				MTL_FAST_MATH = YES;
				SWIFT_COMPILATION_MODE = wholemodule;
				SWIFT_OPTIMIZATION_LEVEL = "-O";
			};
			name = Release;
		};
		7CF8067D24CC8E3100503C38 /* Debug */ = {
			isa = XCBuildConfiguration;
			buildSettings = {
				ASSETCATALOG_COMPILER_APPICON_NAME = AppIcon;
				ASSETCATALOG_COMPILER_GLOBAL_ACCENT_COLOR_NAME = AccentColor;
				CODE_SIGN_STYLE = Automatic;
				DEVELOPMENT_TEAM = QCM3Q3E382;
				ENABLE_PREVIEWS = YES;
				INFOPLIST_FILE = iOS/Info.plist;
				IPHONEOS_DEPLOYMENT_TARGET = 16.0;
				LD_RUNPATH_SEARCH_PATHS = (
					"$(inherited)",
					"@executable_path/Frameworks",
				);
				PRODUCT_BUNDLE_IDENTIFIER = team.wizards.silverscreen;
				PRODUCT_NAME = "Silver Screen";
				SDKROOT = iphoneos;
				SUPPORTED_PLATFORMS = "iphoneos iphonesimulator";
				SUPPORTS_MACCATALYST = NO;
				SUPPORTS_MAC_DESIGNED_FOR_IPHONE_IPAD = NO;
				SWIFT_VERSION = 5.0;
				TARGETED_DEVICE_FAMILY = "1,2";
			};
			name = Debug;
		};
		7CF8067E24CC8E3100503C38 /* Release */ = {
			isa = XCBuildConfiguration;
			buildSettings = {
				ASSETCATALOG_COMPILER_APPICON_NAME = AppIcon;
				ASSETCATALOG_COMPILER_GLOBAL_ACCENT_COLOR_NAME = AccentColor;
				CODE_SIGN_STYLE = Automatic;
				DEVELOPMENT_TEAM = QCM3Q3E382;
				ENABLE_PREVIEWS = YES;
				INFOPLIST_FILE = iOS/Info.plist;
				IPHONEOS_DEPLOYMENT_TARGET = 16.0;
				LD_RUNPATH_SEARCH_PATHS = (
					"$(inherited)",
					"@executable_path/Frameworks",
				);
				PRODUCT_BUNDLE_IDENTIFIER = team.wizards.silverscreen;
				PRODUCT_NAME = "Silver Screen";
				SDKROOT = iphoneos;
				SUPPORTED_PLATFORMS = "iphoneos iphonesimulator";
				SUPPORTS_MACCATALYST = NO;
				SUPPORTS_MAC_DESIGNED_FOR_IPHONE_IPAD = NO;
				SWIFT_VERSION = 5.0;
				TARGETED_DEVICE_FAMILY = "1,2";
				VALIDATE_PRODUCT = YES;
			};
			name = Release;
		};
		7CF8068024CC8E3100503C38 /* Debug */ = {
			isa = XCBuildConfiguration;
			buildSettings = {
				ASSETCATALOG_COMPILER_APPICON_NAME = AppIcon;
				ASSETCATALOG_COMPILER_GLOBAL_ACCENT_COLOR_NAME = AccentColor;
				CODE_SIGN_ENTITLEMENTS = macOS/macOS.entitlements;
				CODE_SIGN_STYLE = Automatic;
				COMBINE_HIDPI_IMAGES = YES;
				ENABLE_PREVIEWS = YES;
				INFOPLIST_FILE = macOS/Info.plist;
				LD_RUNPATH_SEARCH_PATHS = (
					"$(inherited)",
					"@executable_path/../Frameworks",
				);
				MACOSX_DEPLOYMENT_TARGET = 12.0;
				PRODUCT_BUNDLE_IDENTIFIER = "studio.newts.Silver-Screen";
				PRODUCT_NAME = "Silver Screen";
				SDKROOT = macosx;
				SWIFT_VERSION = 5.0;
			};
			name = Debug;
		};
		7CF8068124CC8E3100503C38 /* Release */ = {
			isa = XCBuildConfiguration;
			buildSettings = {
				ASSETCATALOG_COMPILER_APPICON_NAME = AppIcon;
				ASSETCATALOG_COMPILER_GLOBAL_ACCENT_COLOR_NAME = AccentColor;
				CODE_SIGN_ENTITLEMENTS = macOS/macOS.entitlements;
				CODE_SIGN_STYLE = Automatic;
				COMBINE_HIDPI_IMAGES = YES;
				ENABLE_PREVIEWS = YES;
				INFOPLIST_FILE = macOS/Info.plist;
				LD_RUNPATH_SEARCH_PATHS = (
					"$(inherited)",
					"@executable_path/../Frameworks",
				);
				MACOSX_DEPLOYMENT_TARGET = 12.0;
				PRODUCT_BUNDLE_IDENTIFIER = "studio.newts.Silver-Screen";
				PRODUCT_NAME = "Silver Screen";
				SDKROOT = macosx;
				SWIFT_VERSION = 5.0;
			};
			name = Release;
		};
		7CF8068324CC8E3100503C38 /* Debug */ = {
			isa = XCBuildConfiguration;
			buildSettings = {
				ALWAYS_EMBED_SWIFT_STANDARD_LIBRARIES = YES;
				CODE_SIGN_STYLE = Automatic;
				INFOPLIST_FILE = "Tests iOS/Info.plist";
				IPHONEOS_DEPLOYMENT_TARGET = 14.0;
				LD_RUNPATH_SEARCH_PATHS = (
					"$(inherited)",
					"@executable_path/Frameworks",
					"@loader_path/Frameworks",
				);
				PRODUCT_BUNDLE_IDENTIFIER = "team.newts.Tests-iOS";
				PRODUCT_NAME = "$(TARGET_NAME)";
				SDKROOT = iphoneos;
				SWIFT_VERSION = 5.0;
				TARGETED_DEVICE_FAMILY = "1,2";
				TEST_TARGET_NAME = "Silver Screen (iOS)";
			};
			name = Debug;
		};
		7CF8068424CC8E3100503C38 /* Release */ = {
			isa = XCBuildConfiguration;
			buildSettings = {
				ALWAYS_EMBED_SWIFT_STANDARD_LIBRARIES = YES;
				CODE_SIGN_STYLE = Automatic;
				INFOPLIST_FILE = "Tests iOS/Info.plist";
				IPHONEOS_DEPLOYMENT_TARGET = 14.0;
				LD_RUNPATH_SEARCH_PATHS = (
					"$(inherited)",
					"@executable_path/Frameworks",
					"@loader_path/Frameworks",
				);
				PRODUCT_BUNDLE_IDENTIFIER = "team.newts.Tests-iOS";
				PRODUCT_NAME = "$(TARGET_NAME)";
				SDKROOT = iphoneos;
				SWIFT_VERSION = 5.0;
				TARGETED_DEVICE_FAMILY = "1,2";
				TEST_TARGET_NAME = "Silver Screen (iOS)";
				VALIDATE_PRODUCT = YES;
			};
			name = Release;
		};
		7CF8068624CC8E3100503C38 /* Debug */ = {
			isa = XCBuildConfiguration;
			buildSettings = {
				ALWAYS_EMBED_SWIFT_STANDARD_LIBRARIES = YES;
				CODE_SIGN_STYLE = Automatic;
				COMBINE_HIDPI_IMAGES = YES;
				INFOPLIST_FILE = "Tests macOS/Info.plist";
				LD_RUNPATH_SEARCH_PATHS = (
					"$(inherited)",
					"@executable_path/../Frameworks",
					"@loader_path/../Frameworks",
				);
				MACOSX_DEPLOYMENT_TARGET = 11.0;
				PRODUCT_BUNDLE_IDENTIFIER = "team.newts.Tests-macOS";
				PRODUCT_NAME = "$(TARGET_NAME)";
				SDKROOT = macosx;
				SWIFT_VERSION = 5.0;
				TEST_TARGET_NAME = "Silver Screen (macOS)";
			};
			name = Debug;
		};
		7CF8068724CC8E3100503C38 /* Release */ = {
			isa = XCBuildConfiguration;
			buildSettings = {
				ALWAYS_EMBED_SWIFT_STANDARD_LIBRARIES = YES;
				CODE_SIGN_STYLE = Automatic;
				COMBINE_HIDPI_IMAGES = YES;
				INFOPLIST_FILE = "Tests macOS/Info.plist";
				LD_RUNPATH_SEARCH_PATHS = (
					"$(inherited)",
					"@executable_path/../Frameworks",
					"@loader_path/../Frameworks",
				);
				MACOSX_DEPLOYMENT_TARGET = 11.0;
				PRODUCT_BUNDLE_IDENTIFIER = "team.newts.Tests-macOS";
				PRODUCT_NAME = "$(TARGET_NAME)";
				SDKROOT = macosx;
				SWIFT_VERSION = 5.0;
				TEST_TARGET_NAME = "Silver Screen (macOS)";
			};
			name = Release;
		};
/* End XCBuildConfiguration section */

/* Begin XCConfigurationList section */
		7C044C9624D781270054654F /* Build configuration list for PBXNativeTarget "Silver Screen (tvOS)" */ = {
			isa = XCConfigurationList;
			buildConfigurations = (
				7C044C9724D781270054654F /* Debug */,
				7C044C9824D781270054654F /* Release */,
			);
			defaultConfigurationIsVisible = 0;
			defaultConfigurationName = Release;
		};
		7CF8064924CC8E2E00503C38 /* Build configuration list for PBXProject "Silver Screen" */ = {
			isa = XCConfigurationList;
			buildConfigurations = (
				7CF8067A24CC8E3100503C38 /* Debug */,
				7CF8067B24CC8E3100503C38 /* Release */,
			);
			defaultConfigurationIsVisible = 0;
			defaultConfigurationName = Release;
		};
		7CF8067C24CC8E3100503C38 /* Build configuration list for PBXNativeTarget "Silver Screen (iOS)" */ = {
			isa = XCConfigurationList;
			buildConfigurations = (
				7CF8067D24CC8E3100503C38 /* Debug */,
				7CF8067E24CC8E3100503C38 /* Release */,
			);
			defaultConfigurationIsVisible = 0;
			defaultConfigurationName = Release;
		};
		7CF8067F24CC8E3100503C38 /* Build configuration list for PBXNativeTarget "Silver Screen (macOS)" */ = {
			isa = XCConfigurationList;
			buildConfigurations = (
				7CF8068024CC8E3100503C38 /* Debug */,
				7CF8068124CC8E3100503C38 /* Release */,
			);
			defaultConfigurationIsVisible = 0;
			defaultConfigurationName = Release;
		};
		7CF8068224CC8E3100503C38 /* Build configuration list for PBXNativeTarget "Tests iOS" */ = {
			isa = XCConfigurationList;
			buildConfigurations = (
				7CF8068324CC8E3100503C38 /* Debug */,
				7CF8068424CC8E3100503C38 /* Release */,
			);
			defaultConfigurationIsVisible = 0;
			defaultConfigurationName = Release;
		};
		7CF8068524CC8E3100503C38 /* Build configuration list for PBXNativeTarget "Tests macOS" */ = {
			isa = XCConfigurationList;
			buildConfigurations = (
				7CF8068624CC8E3100503C38 /* Debug */,
				7CF8068724CC8E3100503C38 /* Release */,
			);
			defaultConfigurationIsVisible = 0;
			defaultConfigurationName = Release;
		};
/* End XCConfigurationList section */

/* Begin XCRemoteSwiftPackageReference section */
		7CF8068B24CC914A00503C38 /* XCRemoteSwiftPackageReference "GRDB.swift" */ = {
			isa = XCRemoteSwiftPackageReference;
			repositoryURL = "git@github.com:groue/GRDB.swift.git";
			requirement = {
				kind = upToNextMajorVersion;
				minimumVersion = 6.0.0;
			};
		};
/* End XCRemoteSwiftPackageReference section */

/* Begin XCSwiftPackageProductDependency section */
		7C044CA324D782000054654F /* GRDB */ = {
			isa = XCSwiftPackageProductDependency;
			package = 7CF8068B24CC914A00503C38 /* XCRemoteSwiftPackageReference "GRDB.swift" */;
			productName = GRDB;
		};
		7CF8068C24CC914A00503C38 /* GRDB */ = {
			isa = XCSwiftPackageProductDependency;
			package = 7CF8068B24CC914A00503C38 /* XCRemoteSwiftPackageReference "GRDB.swift" */;
			productName = GRDB;
		};
		7CF8069624CCDCBD00503C38 /* GRDB */ = {
			isa = XCSwiftPackageProductDependency;
			package = 7CF8068B24CC914A00503C38 /* XCRemoteSwiftPackageReference "GRDB.swift" */;
			productName = GRDB;
		};
/* End XCSwiftPackageProductDependency section */
	};
	rootObject = 7CF8064624CC8E2E00503C38 /* Project object */;
}
