{
  "object": {
    "pins": [
      {
        "package": "GRDB",
        "repositoryURL": "git@github.com:groue/GRDB.swift.git",
        "state": {
          "branch": null,
          "revision": "948e91126a70ae703e5fe600ca3183161009bc4b",
          "version": "5.0.2"
        }
      },
      {
        "package": "URLImage",
        "repositoryURL": "https://github.com/dmytro-anokhin/url-image.git",
        "state": {
          "branch": "version_2",
          "revision": "20a003923753f41c99adb1fddd7ab9021af8fc57",
          "version": null
        }
      }
    ]
  },
  "version": 1
}
