{
  "object": {
    "pins": [
      {
        "package": "GRDB",
        "repositoryURL": "git@github.com:groue/GRDB.swift.git",
        "state": {
          "branch": null,
          "revision": "948e91126a70ae703e5fe600ca3183161009bc4b",
          "version": "5.0.2"
        }
      },
      {
        "package": "URLImage",
        "repositoryURL": "https://github.com/dmytro-anokhin/url-image.git",
        "state": {
          "branch": null,
          "revision": "1c12895703cfbb40de759c467efed5be65d43822",
          "version": "2.0.0-beta.1"
        }
      }
    ]
  },
  "version": 1
}
